
Microsoft Visual Studio Solution File, Format Version 12.00
# Visual Studio Version 17
VisualStudioVersion = 17.7.34031.279
MinimumVisualStudioVersion = 10.0.40219.1
Project("{9A19103F-16F7-4668-BE54-9A1E7A4F7556}") = "TshirtChallenge.Domain", "TshirtChallenge.Domain\TshirtChallenge.Domain.csproj", "{4BC6EAC7-B149-4485-8495-2E8D04DF0CFE}"
EndProject
Project("{9A19103F-16F7-4668-BE54-9A1E7A4F7556}") = "TshirtChallenge.Application", "TshirtChallenge.Application\TshirtChallenge.Application.csproj", "{85C877EF-A777-4114-9050-D2E68CADA658}"
EndProject
Project("{9A19103F-16F7-4668-BE54-9A1E7A4F7556}") = "TshirtChallenge.API", "TshirtChallenge.API\TshirtChallenge.API.csproj", "{AB854BBE-1454-4CED-8C93-3A84BBF2D02C}"
EndProject
Project("{9A19103F-16F7-4668-BE54-9A1E7A4F7556}") = "TshirtChallenge.Infra", "TshirtChallenge.Infra\TshirtChallenge.Infra.csproj", "{BD6B7922-9AFD-48AD-93AA-2E1B298D180D}"
EndProject
Global
	GlobalSection(SolutionConfigurationPlatforms) = preSolution
		Debug|Any CPU = Debug|Any CPU
		Release|Any CPU = Release|Any CPU
	EndGlobalSection
	GlobalSection(ProjectConfigurationPlatforms) = postSolution
		{4BC6EAC7-B149-4485-8495-2E8D04DF0CFE}.Debug|Any CPU.ActiveCfg = Debug|Any CPU
		{4BC6EAC7-B149-4485-8495-2E8D04DF0CFE}.Debug|Any CPU.Build.0 = Debug|Any CPU
		{4BC6EAC7-B149-4485-8495-2E8D04DF0CFE}.Release|Any CPU.ActiveCfg = Release|Any CPU
		{4BC6EAC7-B149-4485-8495-2E8D04DF0CFE}.Release|Any CPU.Build.0 = Release|Any CPU
		{85C877EF-A777-4114-9050-D2E68CADA658}.Debug|Any CPU.ActiveCfg = Debug|Any CPU
		{85C877EF-A777-4114-9050-D2E68CADA658}.Debug|Any CPU.Build.0 = Debug|Any CPU
		{85C877EF-A777-4114-9050-D2E68CADA658}.Release|Any CPU.ActiveCfg = Release|Any CPU
		{85C877EF-A777-4114-9050-D2E68CADA658}.Release|Any CPU.Build.0 = Release|Any CPU
		{AB854BBE-1454-4CED-8C93-3A84BBF2D02C}.Debug|Any CPU.ActiveCfg = Debug|Any CPU
		{AB854BBE-1454-4CED-8C93-3A84BBF2D02C}.Debug|Any CPU.Build.0 = Debug|Any CPU
		{AB854BBE-1454-4CED-8C93-3A84BBF2D02C}.Release|Any CPU.ActiveCfg = Release|Any CPU
		{AB854BBE-1454-4CED-8C93-3A84BBF2D02C}.Release|Any CPU.Build.0 = Release|Any CPU
		{BD6B7922-9AFD-48AD-93AA-2E1B298D180D}.Debug|Any CPU.ActiveCfg = Debug|Any CPU
		{BD6B7922-9AFD-48AD-93AA-2E1B298D180D}.Debug|Any CPU.Build.0 = Debug|Any CPU
		{BD6B7922-9AFD-48AD-93AA-2E1B298D180D}.Release|Any CPU.ActiveCfg = Release|Any CPU
		{BD6B7922-9AFD-48AD-93AA-2E1B298D180D}.Release|Any CPU.Build.0 = Release|Any CPU
	EndGlobalSection
	GlobalSection(SolutionProperties) = preSolution
		HideSolutionNode = FALSE
	EndGlobalSection
	GlobalSection(ExtensibilityGlobals) = postSolution
		SolutionGuid = {3CF4E63E-109A-401C-989E-9AD9ED83D01B}
	EndGlobalSection
EndGlobal
